{
  "name": "retro-gadets-typedefs",
  "version": "1.0.0",
  "lockfileVersion": 2,
  "requires": true,
  "packages": {
    "": {
      "devDependencies": {
        "lua-types": "^2.13.1"
      }
    },
    "node_modules/lua-types": {
      "version": "2.13.1",
      "resolved": "https://registry.npmjs.org/lua-types/-/lua-types-2.13.1.tgz",
      "integrity": "sha512-rRwtvX6kS+5MpuO3xpvKsnYjdSDDI064Qq1OqX8gY+r+0l7m3dFLiZPDFoHqH22jaBpEvcHcPs6+WD7qkdmFsA==",
      "dev": true
    }
  },
  "dependencies": {
    "lua-types": {
      "version": "2.13.1",
      "resolved": "https://registry.npmjs.org/lua-types/-/lua-types-2.13.1.tgz",
      "integrity": "sha512-rRwtvX6kS+5MpuO3xpvKsnYjdSDDI064Qq1OqX8gY+r+0l7m3dFLiZPDFoHqH22jaBpEvcHcPs6+WD7qkdmFsA==",
      "dev": true
    }
  }
}
