{
    "name": "retro-gadgets-lua-types",
    "version": "1.0.0",
    "lockfileVersion": 2,
    "requires": true,
    "packages": {
        "": {
            "name": "retro-gadgets-lua-types",
            "version": "1.0.0",
            "license": "MIT",
            "devDependencies": {
                "lua-types": "^2.13.1",
                "prettier": "^2.8.0"
            }
        },
        "node_modules/lua-types": {
            "version": "2.13.1",
            "resolved": "https://registry.npmjs.org/lua-types/-/lua-types-2.13.1.tgz",
            "integrity": "sha512-rRwtvX6kS+5MpuO3xpvKsnYjdSDDI064Qq1OqX8gY+r+0l7m3dFLiZPDFoHqH22jaBpEvcHcPs6+WD7qkdmFsA==",
            "dev": true
        },
        "node_modules/prettier": {
            "version": "2.8.0",
            "resolved": "https://registry.npmjs.org/prettier/-/prettier-2.8.0.tgz",
            "integrity": "sha512-9Lmg8hTFZKG0Asr/kW9Bp8tJjRVluO8EJQVfY2T7FMw9T5jy4I/Uvx0Rca/XWf50QQ1/SS48+6IJWnrb+2yemA==",
            "dev": true,
            "license": "MIT",
            "bin": {
                "prettier": "bin-prettier.js"
            },
            "engines": {
                "node": ">=10.13.0"
            },
            "funding": {
                "url": "https://github.com/prettier/prettier?sponsor=1"
            }
        }
    },
    "dependencies": {
        "lua-types": {
            "version": "2.13.1",
            "resolved": "https://registry.npmjs.org/lua-types/-/lua-types-2.13.1.tgz",
            "integrity": "sha512-rRwtvX6kS+5MpuO3xpvKsnYjdSDDI064Qq1OqX8gY+r+0l7m3dFLiZPDFoHqH22jaBpEvcHcPs6+WD7qkdmFsA==",
            "dev": true
        },
        "prettier": {
            "version": "2.8.0",
            "resolved": "https://registry.npmjs.org/prettier/-/prettier-2.8.0.tgz",
            "integrity": "sha512-9Lmg8hTFZKG0Asr/kW9Bp8tJjRVluO8EJQVfY2T7FMw9T5jy4I/Uvx0Rca/XWf50QQ1/SS48+6IJWnrb+2yemA==",
            "dev": true
        }
    }
}
